
Microsoft Visual Studio Solution File, Format Version 12.00
# Visual Studio Version 16
VisualStudioVersion = 16.0.30907.101
MinimumVisualStudioVersion = 10.0.40219.1
Project("{FAE04EC0-301F-11D3-BF4B-00C04F79EFBC}") = "EmployeeAsp", "EmployeeAsp\EmployeeAsp.csproj", "{647993F7-BDCE-474F-979A-313000EEE121}"
EndProject
Global
	GlobalSection(SolutionConfigurationPlatforms) = preSolution
		Debug|Any CPU = Debug|Any CPU
		Release|Any CPU = Release|Any CPU
	EndGlobalSection
	GlobalSection(ProjectConfigurationPlatforms) = postSolution
		{647993F7-BDCE-474F-979A-313000EEE121}.Debug|Any CPU.ActiveCfg = Debug|Any CPU
		{647993F7-BDCE-474F-979A-313000EEE121}.Debug|Any CPU.Build.0 = Debug|Any CPU
		{647993F7-BDCE-474F-979A-313000EEE121}.Release|Any CPU.ActiveCfg = Release|Any CPU
		{647993F7-BDCE-474F-979A-313000EEE121}.Release|Any CPU.Build.0 = Release|Any CPU
	EndGlobalSection
	GlobalSection(SolutionProperties) = preSolution
		HideSolutionNode = FALSE
	EndGlobalSection
	GlobalSection(ExtensibilityGlobals) = postSolution
		SolutionGuid = {90366DA0-0C93-45EF-9F87-4911CDA3D413}
	EndGlobalSection
EndGlobal
