
Microsoft Visual Studio Solution File, Format Version 12.00
# Visual Studio Version 16
VisualStudioVersion = 16.0.30907.101
MinimumVisualStudioVersion = 10.0.40219.1
Project("{FAE04EC0-301F-11D3-BF4B-00C04F79EFBC}") = "CodeAnalysis", "CodeAnalysis\CodeAnalysis.csproj", "{2D547673-C133-4865-AB89-679FAF7DD1AB}"
EndProject
Global
	GlobalSection(SolutionConfigurationPlatforms) = preSolution
		Debug|Any CPU = Debug|Any CPU
		Release|Any CPU = Release|Any CPU
	EndGlobalSection
	GlobalSection(ProjectConfigurationPlatforms) = postSolution
		{2D547673-C133-4865-AB89-679FAF7DD1AB}.Debug|Any CPU.ActiveCfg = Debug|Any CPU
		{2D547673-C133-4865-AB89-679FAF7DD1AB}.Debug|Any CPU.Build.0 = Debug|Any CPU
		{2D547673-C133-4865-AB89-679FAF7DD1AB}.Release|Any CPU.ActiveCfg = Release|Any CPU
		{2D547673-C133-4865-AB89-679FAF7DD1AB}.Release|Any CPU.Build.0 = Release|Any CPU
	EndGlobalSection
	GlobalSection(SolutionProperties) = preSolution
		HideSolutionNode = FALSE
	EndGlobalSection
	GlobalSection(ExtensibilityGlobals) = postSolution
		SolutionGuid = {75BED2FF-058D-4A9F-9D80-27FBB44A0A35}
	EndGlobalSection
EndGlobal
