
Microsoft Visual Studio Solution File, Format Version 12.00
# Visual Studio Version 16
VisualStudioVersion = 16.0.30907.101
MinimumVisualStudioVersion = 10.0.40219.1
Project("{FAE04EC0-301F-11D3-BF4B-00C04F79EFBC}") = "FinalObserverPatternCaseStudy", "FinalObserverPatternCaseStudy\FinalObserverPatternCaseStudy.csproj", "{5A5AF4C6-E57E-418E-BF9E-2AC079E51451}"
EndProject
Global
	GlobalSection(SolutionConfigurationPlatforms) = preSolution
		Debug|Any CPU = Debug|Any CPU
		Release|Any CPU = Release|Any CPU
	EndGlobalSection
	GlobalSection(ProjectConfigurationPlatforms) = postSolution
		{5A5AF4C6-E57E-418E-BF9E-2AC079E51451}.Debug|Any CPU.ActiveCfg = Debug|Any CPU
		{5A5AF4C6-E57E-418E-BF9E-2AC079E51451}.Debug|Any CPU.Build.0 = Debug|Any CPU
		{5A5AF4C6-E57E-418E-BF9E-2AC079E51451}.Release|Any CPU.ActiveCfg = Release|Any CPU
		{5A5AF4C6-E57E-418E-BF9E-2AC079E51451}.Release|Any CPU.Build.0 = Release|Any CPU
	EndGlobalSection
	GlobalSection(SolutionProperties) = preSolution
		HideSolutionNode = FALSE
	EndGlobalSection
	GlobalSection(ExtensibilityGlobals) = postSolution
		SolutionGuid = {1CD8732C-1BAD-48C3-8573-FA5F92D450FF}
	EndGlobalSection
EndGlobal
