
Microsoft Visual Studio Solution File, Format Version 12.00
# Visual Studio Version 16
VisualStudioVersion = 16.0.30907.101
MinimumVisualStudioVersion = 10.0.40219.1
Project("{FAE04EC0-301F-11D3-BF4B-00C04F79EFBC}") = "PlayersManagerLib", "PlayersManagerLib\PlayersManagerLib.csproj", "{D7453708-F29F-4164-9E1F-B38155AC831B}"
EndProject
Project("{FAE04EC0-301F-11D3-BF4B-00C04F79EFBC}") = "PlayerManager.Tests", "PlayerManager.Tests\PlayerManager.Tests.csproj", "{E8497298-A0C6-4E9F-BB92-165B7E040A49}"
EndProject
Global
	GlobalSection(SolutionConfigurationPlatforms) = preSolution
		Debug|Any CPU = Debug|Any CPU
		Release|Any CPU = Release|Any CPU
	EndGlobalSection
	GlobalSection(ProjectConfigurationPlatforms) = postSolution
		{D7453708-F29F-4164-9E1F-B38155AC831B}.Debug|Any CPU.ActiveCfg = Debug|Any CPU
		{D7453708-F29F-4164-9E1F-B38155AC831B}.Debug|Any CPU.Build.0 = Debug|Any CPU
		{D7453708-F29F-4164-9E1F-B38155AC831B}.Release|Any CPU.ActiveCfg = Release|Any CPU
		{D7453708-F29F-4164-9E1F-B38155AC831B}.Release|Any CPU.Build.0 = Release|Any CPU
		{E8497298-A0C6-4E9F-BB92-165B7E040A49}.Debug|Any CPU.ActiveCfg = Debug|Any CPU
		{E8497298-A0C6-4E9F-BB92-165B7E040A49}.Debug|Any CPU.Build.0 = Debug|Any CPU
		{E8497298-A0C6-4E9F-BB92-165B7E040A49}.Release|Any CPU.ActiveCfg = Release|Any CPU
		{E8497298-A0C6-4E9F-BB92-165B7E040A49}.Release|Any CPU.Build.0 = Release|Any CPU
	EndGlobalSection
	GlobalSection(SolutionProperties) = preSolution
		HideSolutionNode = FALSE
	EndGlobalSection
	GlobalSection(ExtensibilityGlobals) = postSolution
		SolutionGuid = {6ED3398F-DBB5-4A85-BFDF-FCC6CF3C92C6}
	EndGlobalSection
EndGlobal
